
Microsoft Visual Studio Solution File, Format Version 12.00
# Visual Studio Version 17
VisualStudioVersion = 17.12.35707.178
MinimumVisualStudioVersion = 10.0.40219.1
Project("{2150E333-8FDC-42A3-9474-1A3956D46DE8}") = "Facade", "Facade", "{02EA681E-C7D8-13C7-8484-4AC65E1B71E8}"
EndProject
Project("{FAE04EC0-301F-11D3-BF4B-00C04F79EFBC}") = "Facade", "Facade\Facade.csproj", "{A0982C2B-F153-4167-B0CD-E9445EF40325}"
EndProject
Global
	GlobalSection(SolutionConfigurationPlatforms) = preSolution
		Debug|Any CPU = Debug|Any CPU
		Release|Any CPU = Release|Any CPU
	EndGlobalSection
	GlobalSection(ProjectConfigurationPlatforms) = postSolution
		{A0982C2B-F153-4167-B0CD-E9445EF40325}.Debug|Any CPU.ActiveCfg = Debug|Any CPU
		{A0982C2B-F153-4167-B0CD-E9445EF40325}.Debug|Any CPU.Build.0 = Debug|Any CPU
		{A0982C2B-F153-4167-B0CD-E9445EF40325}.Release|Any CPU.ActiveCfg = Release|Any CPU
		{A0982C2B-F153-4167-B0CD-E9445EF40325}.Release|Any CPU.Build.0 = Release|Any CPU
	EndGlobalSection
	GlobalSection(SolutionProperties) = preSolution
		HideSolutionNode = FALSE
	EndGlobalSection
	GlobalSection(NestedProjects) = preSolution
		{A0982C2B-F153-4167-B0CD-E9445EF40325} = {02EA681E-C7D8-13C7-8484-4AC65E1B71E8}
	EndGlobalSection
	GlobalSection(ExtensibilityGlobals) = postSolution
		SolutionGuid = {6B6A1743-07F6-4669-9595-39A5D6FFCDBB}
	EndGlobalSection
EndGlobal
